
Microsoft Visual Studio Solution File, Format Version 12.00
# Visual Studio Version 16
VisualStudioVersion = 16.0.31515.178
MinimumVisualStudioVersion = 10.0.40219.1
Project("{FAE04EC0-301F-11D3-BF4B-00C04F79EFBC}") = "ListaDeContatos", "ListaDeContatos\ListaDeContatos.csproj", "{7C36EBA4-CC63-4ACD-AC3A-174832008D1F}"
EndProject
Global
	GlobalSection(SolutionConfigurationPlatforms) = preSolution
		Debug|Any CPU = Debug|Any CPU
		Release|Any CPU = Release|Any CPU
	EndGlobalSection
	GlobalSection(ProjectConfigurationPlatforms) = postSolution
		{7C36EBA4-CC63-4ACD-AC3A-174832008D1F}.Debug|Any CPU.ActiveCfg = Debug|Any CPU
		{7C36EBA4-CC63-4ACD-AC3A-174832008D1F}.Debug|Any CPU.Build.0 = Debug|Any CPU
		{7C36EBA4-CC63-4ACD-AC3A-174832008D1F}.Release|Any CPU.ActiveCfg = Release|Any CPU
		{7C36EBA4-CC63-4ACD-AC3A-174832008D1F}.Release|Any CPU.Build.0 = Release|Any CPU
	EndGlobalSection
	GlobalSection(SolutionProperties) = preSolution
		HideSolutionNode = FALSE
	EndGlobalSection
	GlobalSection(ExtensibilityGlobals) = postSolution
		SolutionGuid = {E6D5154F-65D6-41DB-A1DA-7639690169F1}
	EndGlobalSection
EndGlobal
